github.com/gorilla/websocket v1.5.0 h1:PPwGk2jz7EePpoHN/+ClbZu8SPxiqlu12wZP/3sWmnc=
github.com/gorilla/websocket v1.5.0/go.mod h1:YR8l580nyteQvAITg2hZ9XVh4b55+EU/adAjf1fMHhE=
github.com/issue9/assert/v2 v2.3.2 h1:J8TxGeak/CvrMchXHjs9CFChsZvpX0hGE/HTnwT6L+8=
github.com/issue9/assert/v3 v3.0.0/go.mod h1:yft/uaskRpwQTyBT3n1zRl91SR1wNlO4fLZHzOa4bdM=
github.com/issue9/assert/v3 v3.0.1 h1:8DPOYgzX3ajiyrVZz6f3GoLn4wuy+vIV750CKFgFGmE=
github.com/issue9/assert/v3 v3.0.1/go.mod h1:yft/uaskRpwQTyBT3n1zRl91SR1wNlO4fLZHzOa4bdM=
github.com/issue9/autoinc v1.0.9 h1:40rlqt+4tMT04Adv7H7Frw8Dn9E7VeKQvDRBMMDgZYU=
github.com/issue9/autoinc v1.0.9/go.mod h1:0cZrIqIA6YwwYrPa98JVM4zhAPCMaiuJTSoV0NL4n4E=
github.com/issue9/cmdopt v0.7.3 h1:Pc37RqY1dUOL8v7CVfKMThEANze4f2ppKLWzI169DEs=
github.com/issue9/cmdopt v0.7.3/go.mod h1:oizRMB1EmHzrBMmwRwGvPO08Aj9bkSeBnuSS+jZP4H0=
github.com/issue9/errwrap v0.3.1 h1:8g4lYJaGnoiXyZ1oZyH/7zPDGgw5RNiE9Q6ri9kE6Z8=
github.com/issue9/errwrap v0.3.1/go.mod h1:HLR0e5iimd2aJXM9YrThOsRj3/6lMtk77lVp7zyvJ4E=
github.com/issue9/jsonrpc v0.12.2 h1:a3Fpfhd1A7ln+UgFU5rEQf0UDhKrdT942Dy3Dwg0QzU=
github.com/issue9/jsonrpc v0.12.2/go.mod h1:DXyT6JpsFWckfWN4noJb6oOptLnyGasLbbS7JKL80pw=
github.com/issue9/localeutil v0.12.3 h1:8A5CIu2pqQOPmdLgI67tW9aQUKNC6qRqxwSvjvJ5Flk=
github.com/issue9/localeutil v0.12.3/go.mod h1:gkQDwlOAxYHBp+dambK5KQf30kCyHIUc0vd4l2kG1CM=
github.com/issue9/mux/v7 v7.0.0-beta.2 h1:bVwB7EmcXavLhivU2TCBMCfNQJ4uNbORqs9YXb9CAvk=
github.com/issue9/mux/v7 v7.0.0-beta.2/go.mod h1:JsBw9CLJ5PF0jFVBS8G71Hmm6rGVinq85BmoF59krNw=
github.com/issue9/qheader v0.6.2 h1:RsXIpyI1wTx29rMFspWm0VaFxb+g/dFethZslOTqna4=
github.com/issue9/qheader v0.6.2/go.mod h1:3wgtsIlj/4UXxTySyJ1zA5fTOGgHw8adrDGhhFLr7lc=
github.com/issue9/rands v1.2.1 h1:HikmS1xqk+nQIaMC2fzgs+XdZ2p9WlG5hmsWS37jFnQ=
github.com/issue9/rands v1.2.1/go.mod h1:VXKtg4HYv2RQWfZgNVqV6tp4HAZuZb1DLScAMN1D8ZI=
github.com/issue9/sliceutil v0.11.0 h1:gAXOzApULwTV8MTHhu7oZm1QCClnmEIYvF3iZ6SotUg=
github.com/issue9/sliceutil v0.11.0/go.mod h1:o6Th8chH+PTCVfqHksJvWZnmZhDa5bnufgQbtO1x7zI=
github.com/issue9/source v0.2.0 h1:2IkbNSUJrhArwgkCN34XlFzOvyCkQhrsT8bGdsvnxvU=
github.com/issue9/source v0.2.0/go.mod h1:UiT+EBDamiNs56qPzmFQjwNsuvstSo5P5h23+Ej8RZs=
github.com/issue9/term/v3 v3.0.1 h1:hHI443oqpuYrM+57pmvtc4Om6/+A5GN5UqjVbyOVXm4=
github.com/issue9/term/v3 v3.0.1/go.mod h1:MlRXsODuHriTqguWAIZBCEogX2H2w9eZrz/NVzCXZO8=
github.com/issue9/unique v1.3.2 h1:p+zNj8R+2lvFrmmzHmS7Ohp27UecVK0mA+zx6MNXNL4=
github.com/issue9/unique v1.3.2/go.mod h1:ws0FcpbLb85HKTBZNdnqSMOH/Pk3CZFv7A8i09YFEUs=
github.com/issue9/validation v0.8.0 h1:kH2h70XK4ujijyPzfYw5ttAoefNhpnSK5AX8PNVSx+w=
github.com/issue9/validation v0.8.0/go.mod h1:6nBzRwLfihVfSfKbmno6P0UfoOnyQZc6Qw7CApwHRxE=
github.com/issue9/version v1.0.6 h1:9rzIpHEbmMjFmQkxDC9ciew9nfdTh7+VpO8ZyAbIhdk=
github.com/issue9/version v1.0.6/go.mod h1:gVP3/z/bPHoZuWJ+5021x+QkkmhHfFcRehn/I0RCiAo=
golang.org/x/sys v0.0.0-20220825204002-c680a09ffe64 h1:UiNENfZ8gDvpiWw7IpOMQ27spWmThO1RwwdQVbJahJM=
golang.org/x/sys v0.0.0-20220825204002-c680a09ffe64/go.mod h1:oPkhp1MJrh7nUepCBck5+mAzfO9JrbApNNgaTdGDITg=
golang.org/x/text v0.3.8 h1:nAL+RVCQ9uMn3vJZbV+MRnydTJFPf8qqY42YiA6MrqY=
golang.org/x/text v0.3.8/go.mod h1:E6s5w1FMmriuDzIBO73fBruAKo1PCIq6d2Q6DHfQ8WQ=
gopkg.in/check.v1 v0.0.0-20161208181325-20d25e280405 h1:yhCVgyC4o1eVCa2tZl7eS0r+SDo693bJlVdllGtEeKM=
gopkg.in/check.v1 v0.0.0-20161208181325-20d25e280405/go.mod h1:Co6ibVJAznAaIkqp8huTwlJQCZ016jof/cbN4VW5Yz0=
gopkg.in/yaml.v3 v3.0.1 h1:fxVm/GzAzEWqLHuvctI91KS9hhNmmWOoWu0XTYJS7CA=
gopkg.in/yaml.v3 v3.0.1/go.mod h1:K4uyk7z7BCEPqu6E+C64Yfv1cQ7kz7rIZviUmN+EgEM=
