github.com/gorilla/websocket v1.4.1 h1:q7AeDBpnBk8AogcD4DSag/Ukw/KV+YhzLj2bP5HvKCM=
github.com/gorilla/websocket v1.4.1/go.mod h1:YR8l580nyteQvAITg2hZ9XVh4b55+EU/adAjf1fMHhE=
github.com/issue9/assert v1.3.3/go.mod h1:9Ger+iz8X7r1zMYYwEhh++2wMGWcNN2oVI+zIQXxcio=
github.com/issue9/assert v1.3.4 h1:m9O+Nmi0ejRsLaTfQa349WTQtryQYHynBn6DFv6+sNY=
github.com/issue9/assert v1.3.4/go.mod h1:9Ger+iz8X7r1zMYYwEhh++2wMGWcNN2oVI+zIQXxcio=
github.com/issue9/autoinc v1.0.6 h1:CIxOClYBIRRu9u+YjprhghyxipJuKEj9cKX6zwj0/Wk=
github.com/issue9/autoinc v1.0.6/go.mod h1:bGWX564I5nsereCvh5W9A4jSS8TXONd/ybdNJu5ct/E=
github.com/issue9/cmdopt v0.6.1 h1:Pf4GJLJ+2uvL44fcMUbihlILL+XeJcXc0KyjdFBdCc4=
github.com/issue9/cmdopt v0.6.1/go.mod h1:quFf4x/qMmizqoWHLeJ0m8UIPSgltJIU5B6Y6leXZVk=
github.com/issue9/errwrap v0.1.1 h1:akAQ1z726dnwhNzI7eAmCvYXYPbvF6OTGwct/vRVev0=
github.com/issue9/errwrap v0.1.1/go.mod h1:H9mdt7KifDebeRecMn5yt7F25f+4N0V2sqIqyZnNjzQ=
github.com/issue9/is v1.4.2 h1:zEAwg7I6pBxtfOyTy6SYg6wYk/0fqL8dxZo/bKsJ8Tc=
github.com/issue9/is v1.4.2/go.mod h1:AoyeWLG4KvsHjzAOcOtJ81u9vql/fXGnZO0/zbYhfZQ=
github.com/issue9/jsonrpc v0.9.0 h1:rxlH6igFBEKNe1mxx77aMtfvn/kGfCgMzf/gboUPLc8=
github.com/issue9/jsonrpc v0.9.0/go.mod h1:n+lfVfDwsv+hKE7bYRe8tiRrU1fQTW+kakEVsEi+pRs=
github.com/issue9/mux/v2 v2.3.3 h1:j4QWlryuD7G8TZ6mXS/YUmOyGuR2mMHsZ4UmGSnyKz0=
github.com/issue9/mux/v2 v2.3.3/go.mod h1:N/IPsxZe3s/EAyPeCzQPuxjhxR/Rnxi1HnKN7NM8aGo=
github.com/issue9/pack v0.2.0 h1:g0Cv2ApAH8VX1ee65EhLCG5HSmtcMFQeF0kSGGDf3v4=
github.com/issue9/pack v0.2.0/go.mod h1:pwDT+XdITlc0wc+xu/iUm30urXo+mnAARu5EIGKtV3M=
github.com/issue9/qheader v0.3.0 h1:a5qqdiut7CyBr9sOKcum3xSdFxlw5IXYm5YF3ljYn0E=
github.com/issue9/qheader v0.3.0/go.mod h1:Po7U9K3JqUdU9T0wibdEgb+WtIyLIEC8fB94o7kClKA=
github.com/issue9/rands v1.1.4 h1:Wx1PzxTF57aao5Xq2/Q0nzRGBuRKWw6nw2emWfwl4hE=
github.com/issue9/rands v1.1.4/go.mod h1:aCnoDR8ukczytaW+9FXuWS7YhhAK/5f+w8sM7P6UXqs=
github.com/issue9/term/v2 v2.1.1 h1:sRNToylz+SObLFnfShJ1kafVl95XaiNiz6zPfKBEhNQ=
github.com/issue9/term/v2 v2.1.1/go.mod h1:bVE4IB4wr4ci33TptjVtQNB0O54XdcWUfp9p34zSTmQ=
github.com/issue9/unique v1.2.1 h1:3PZbBEVcz7JlC2QyZAfl/kcOvT2WTnHsTWnPf2hba1k=
github.com/issue9/unique v1.2.1/go.mod h1:OyIGEV2ag+3MZh0F8TzArniLPMeIH6I5xcNsEWbi2Lo=
github.com/issue9/utils v1.4.1 h1:DjLj9KUQY2loeU28rEB49+o9FbYrdT0lNQaJ+99CjCw=
github.com/issue9/utils v1.4.1/go.mod h1:9dmwosWb37LxzaE3L/3uDF8vt428WE4485uKGnA1fu4=
github.com/issue9/version v1.0.4 h1:MOx0aevureZT3wrAL8qby3Yo7VUc6q5L2VJmbe0gYvQ=
github.com/issue9/version v1.0.4/go.mod h1:09uWgAilnXN7DmMBUnpUHlZoQuY6Yfl4JBQysjAOMmE=
golang.org/x/sys v0.0.0-20200523222454-059865788121 h1:rITEj+UZHYC927n8GT97eC3zrpzXdb/voyeOuVKS46o=
golang.org/x/sys v0.0.0-20200523222454-059865788121/go.mod h1:h1NjWce9XRLGQEsW7wpKNCjG9DtNlClVuFLEZdDNbEs=
golang.org/x/text v0.3.3 h1:cokOdA+Jmi5PJGXLlLllQSgYigAEfHXJAERHVMaCc2k=
golang.org/x/text v0.3.3/go.mod h1:5Zoc/QRtKVWzQhOtBMvqHzDpF6irO9z98xDceosuGiQ=
golang.org/x/tools v0.0.0-20180917221912-90fa682c2a6e/go.mod h1:n7NCudcB/nEzxVGmLbDWY5pfWTLqBcC2KZ6jyYvM4mQ=
gopkg.in/check.v1 v0.0.0-20161208181325-20d25e280405 h1:yhCVgyC4o1eVCa2tZl7eS0r+SDo693bJlVdllGtEeKM=
gopkg.in/check.v1 v0.0.0-20161208181325-20d25e280405/go.mod h1:Co6ibVJAznAaIkqp8huTwlJQCZ016jof/cbN4VW5Yz0=
gopkg.in/yaml.v2 v2.3.0 h1:clyUAQHOM3G0M3f5vQj7LuJrETvjVot3Z5el9nffUtU=
gopkg.in/yaml.v2 v2.3.0/go.mod h1:hI93XBmqTisBFMUTm0b8Fm+jr3Dg1NNxqwp+5A1VGuI=
