github.com/caixw/apidoc v0.0.0-20181114133446-643d18f24903 h1:rhExuy8wJ35IfgRMdAkf31ea++gsk3B6jMyZ/Q+fCS8=
github.com/caixw/apidoc v0.0.0-20181114133446-643d18f24903/go.mod h1:W5tSlJ3fev6+AR02zBnfOSP1fnExiqtdSTU3381e46g=
github.com/issue9/assert v1.0.0/go.mod h1:KLwR3U/5rbCxqwAnV3aCr+dz07aoIyIfk2lefIVr2BA=
github.com/issue9/assert v1.3.2 h1:IaTa37u4m1fUuTH9K9ldO5IONKVDXjLiUO1T9vj0OF0=
github.com/issue9/assert v1.3.2/go.mod h1:9Ger+iz8X7r1zMYYwEhh++2wMGWcNN2oVI+zIQXxcio=
github.com/issue9/assert v1.3.3 h1:3Xz5rGafXcaOpz7x6X2X3kBQVYxs1l9HFHSwmuDQ3KM=
github.com/issue9/assert v1.3.3/go.mod h1:9Ger+iz8X7r1zMYYwEhh++2wMGWcNN2oVI+zIQXxcio=
github.com/issue9/is v1.0.0/go.mod h1:gD3qqH6utuY28lgGjK+aOPVu9mpb2t6UvZ7u5DCEaVk=
github.com/issue9/is v1.3.2 h1:T5ykJYmXnNhMGPj5e0dvfuEg9KFwmbbSZogjqrIQ4ro=
github.com/issue9/is v1.3.2/go.mod h1:iXrXkWWpWSzimHQen3Oas/Gu4E7EQWBmALkPZtPSmS0=
github.com/issue9/term v1.0.0/go.mod h1:NUstPS3ZNncPNM1mI5G6KZTd83SHmqjtciqKZTVFO1s=
github.com/issue9/term v1.1.0 h1:vKTjD4c0rxw+B7LLfwSypMaVTkyP9DrqyLLgFWsVTVw=
github.com/issue9/term v1.1.0/go.mod h1:9/YTi/aRSKOIy44Wso2xDWXJvMLAEYWskjutTkyUBN0=
github.com/issue9/utils v1.0.0/go.mod h1:M/m1msOXz9GHESoAvzxpBe4jar/QGDKcGXDhKsZJAKE=
github.com/issue9/utils v1.1.1 h1:qADR4fmmlBPyIKZGIKbDgjeNuD9AXiH+VYuSpkERBjA=
github.com/issue9/utils v1.1.1/go.mod h1:5zE3WBLjXw3Fw2CTJ+3cS6u8LjI6uNCooX7ZTclH2Bo=
github.com/issue9/version v1.0.0/go.mod h1:sflOElCey8Fhh4JFH2qcZR8+cSgHkh943zMofKP3wZ8=
github.com/issue9/version v1.0.3 h1:g98m3y4PqxfC1CdZIdZTBfMBUN9sdCmqe1aCkFuJw/w=
github.com/issue9/version v1.0.3/go.mod h1:l4aXx5jujVTsl1WzoJa34osSzx8x3KSDhVUfxAXNZqQ=
golang.org/x/sys v0.0.0-20190310054646-10058d7d4faa h1:lqti/xP+yD/6zH5TqEwx2MilNIJY5Vbc6Qr8J3qyPIQ=
golang.org/x/sys v0.0.0-20190310054646-10058d7d4faa/go.mod h1:h1NjWce9XRLGQEsW7wpKNCjG9DtNlClVuFLEZdDNbEs=
golang.org/x/text v0.3.0/go.mod h1:NqM8EUOU14njkJ3fqMW+pc6Ldnwhi/IjpwHt7yyuwOQ=
golang.org/x/text v0.3.2 h1:tW2bmiBqwgJj/UpqtC8EpXEZVYOwU0yG4iWbprSVAcs=
golang.org/x/text v0.3.2/go.mod h1:bEr9sfX3Q8Zfm5fL9x+3itogRgK3+ptLWKqgva+5dAk=
golang.org/x/tools v0.0.0-20180917221912-90fa682c2a6e/go.mod h1:n7NCudcB/nEzxVGmLbDWY5pfWTLqBcC2KZ6jyYvM4mQ=
gopkg.in/check.v1 v0.0.0-20161208181325-20d25e280405 h1:yhCVgyC4o1eVCa2tZl7eS0r+SDo693bJlVdllGtEeKM=
gopkg.in/check.v1 v0.0.0-20161208181325-20d25e280405/go.mod h1:Co6ibVJAznAaIkqp8huTwlJQCZ016jof/cbN4VW5Yz0=
gopkg.in/yaml.v2 v2.2.1/go.mod h1:hI93XBmqTisBFMUTm0b8Fm+jr3Dg1NNxqwp+5A1VGuI=
gopkg.in/yaml.v2 v2.2.2 h1:ZCJp+EgiOT7lHqUV2J862kp8Qj64Jo6az82+3Td9dZw=
gopkg.in/yaml.v2 v2.2.2/go.mod h1:hI93XBmqTisBFMUTm0b8Fm+jr3Dg1NNxqwp+5A1VGuI=
